
Microsoft Visual Studio Solution File, Format Version 12.00
# Visual Studio Version 17
VisualStudioVersion = 17.0.31912.275
MinimumVisualStudioVersion = 10.0.40219.1
Project("{FAE04EC0-301F-11D3-BF4B-00C04F79EFBC}") = "BankTransactions", "BankTransactions\BankTransactions.csproj", "{69503D7C-1EC4-49F5-A74C-BC3079B25B97}"
EndProject
Project("{2150E333-8FDC-42A3-9474-1A3956D46DE8}") = "Solution Items", "Solution Items", "{6F7A79C6-6C47-4C2D-848A-2E814356B5F7}"
	ProjectSection(SolutionItems) = preProject
		.editorconfig = .editorconfig
	EndProjectSection
EndProject
Global
	GlobalSection(SolutionConfigurationPlatforms) = preSolution
		Debug|Any CPU = Debug|Any CPU
		Release|Any CPU = Release|Any CPU
	EndGlobalSection
	GlobalSection(ProjectConfigurationPlatforms) = postSolution
		{69503D7C-1EC4-49F5-A74C-BC3079B25B97}.Debug|Any CPU.ActiveCfg = Debug|Any CPU
		{69503D7C-1EC4-49F5-A74C-BC3079B25B97}.Debug|Any CPU.Build.0 = Debug|Any CPU
		{69503D7C-1EC4-49F5-A74C-BC3079B25B97}.Release|Any CPU.ActiveCfg = Release|Any CPU
		{69503D7C-1EC4-49F5-A74C-BC3079B25B97}.Release|Any CPU.Build.0 = Release|Any CPU
	EndGlobalSection
	GlobalSection(SolutionProperties) = preSolution
		HideSolutionNode = FALSE
	EndGlobalSection
	GlobalSection(ExtensibilityGlobals) = postSolution
		SolutionGuid = {27DC74C0-213C-4E2E-9D1F-647EF70CEB0F}
	EndGlobalSection
EndGlobal
